
Microsoft Visual Studio Solution File, Format Version 12.00
# Visual Studio Version 17
VisualStudioVersion = 17.7.34031.279
MinimumVisualStudioVersion = 10.0.40219.1
Project("{FAE04EC0-301F-11D3-BF4B-00C04F79EFBC}") = "AidsProjekt", "AidsProjekt\AidsProjekt.csproj", "{65E29B4B-5C59-4C10-A11F-5C2BC7208671}"
EndProject
Global
	GlobalSection(SolutionConfigurationPlatforms) = preSolution
		Debug|Any CPU = Debug|Any CPU
		Release|Any CPU = Release|Any CPU
	EndGlobalSection
	GlobalSection(ProjectConfigurationPlatforms) = postSolution
		{65E29B4B-5C59-4C10-A11F-5C2BC7208671}.Debug|Any CPU.ActiveCfg = Debug|Any CPU
		{65E29B4B-5C59-4C10-A11F-5C2BC7208671}.Debug|Any CPU.Build.0 = Debug|Any CPU
		{65E29B4B-5C59-4C10-A11F-5C2BC7208671}.Release|Any CPU.ActiveCfg = Release|Any CPU
		{65E29B4B-5C59-4C10-A11F-5C2BC7208671}.Release|Any CPU.Build.0 = Release|Any CPU
	EndGlobalSection
	GlobalSection(SolutionProperties) = preSolution
		HideSolutionNode = FALSE
	EndGlobalSection
	GlobalSection(ExtensibilityGlobals) = postSolution
		SolutionGuid = {3B916CF0-310B-44C5-AB70-26F7236DBBD2}
	EndGlobalSection
EndGlobal
